// !$*UTF8*$!
{
	archiveVersion = 1;
	classes = {
	};
	objectVersion = 50;
	objects = {

/* Begin PBXBuildFile section */
		2A203E5720E36EE200F77151 /* AppDelegate.swift in Sources */ = {isa = PBXBuildFile; fileRef = 2A203E5620E36EE200F77151 /* AppDelegate.swift */; };
		2A203E5920E36EE400F77151 /* Assets.xcassets in Resources */ = {isa = PBXBuildFile; fileRef = 2A203E5820E36EE400F77151 /* Assets.xcassets */; };
		2A203E5C20E36EE400F77151 /* MainMenu.xib in Resources */ = {isa = PBXBuildFile; fileRef = 2A203E5A20E36EE400F77151 /* MainMenu.xib */; };
		2A203E7D20E373B600F77151 /* m68kopac.c in Sources */ = {isa = PBXBuildFile; fileRef = 2A203E7120E373B500F77151 /* m68kopac.c */; };
		2A203E7F20E373B600F77151 /* m68kcpu.c in Sources */ = {isa = PBXBuildFile; fileRef = 2A203E7520E373B600F77151 /* m68kcpu.c */; };
		2A203E8020E373B600F77151 /* m68kopnz.c in Sources */ = {isa = PBXBuildFile; fileRef = 2A203E7620E373B600F77151 /* m68kopnz.c */; };
		2A203E8120E373B600F77151 /* m68kopdm.c in Sources */ = {isa = PBXBuildFile; fileRef = 2A203E7720E373B600F77151 /* m68kopdm.c */; };
		2A203E8220E373B600F77151 /* m68kops.c in Sources */ = {isa = PBXBuildFile; fileRef = 2A203E7920E373B600F77151 /* m68kops.c */; };
		2A203E8420E373B600F77151 /* m68kdasm.c in Sources */ = {isa = PBXBuildFile; fileRef = 2A203E7C20E373B600F77151 /* m68kdasm.c */; };
		2A3D44E520E96AC300291CCD /* JaguarSyncTimers.m in Sources */ = {isa = PBXBuildFile; fileRef = 2A3D44E420E96AC300291CCD /* JaguarSyncTimers.m */; };
		2A3D44E920E96B3000291CCD /* SyncTimer.m in Sources */ = {isa = PBXBuildFile; fileRef = 2A3D44E820E96B3000291CCD /* SyncTimer.m */; };
		2ADEA55C20E600E7005F453C /* DebuggerMaster.swift in Sources */ = {isa = PBXBuildFile; fileRef = 2ADEA55B20E600E7005F453C /* DebuggerMaster.swift */; };
		2ADEA55F20E74AB0005F453C /* JaguarObjectProcessor.m in Sources */ = {isa = PBXBuildFile; fileRef = 2ADEA55E20E74AB0005F453C /* JaguarObjectProcessor.m */; };
		2ADEA56120E74CDF005F453C /* JaguarTomRegisters.h in Sources */ = {isa = PBXBuildFile; fileRef = 2ADEA56020E74CDF005F453C /* JaguarTomRegisters.h */; };
		2ADF7C7F20E462EB00F242A9 /* JaguarTom.m in Sources */ = {isa = PBXBuildFile; fileRef = 2ADF7C7E20E462EB00F242A9 /* JaguarTom.m */; };
		2ADF7C8220E465CF00F242A9 /* JaguarSystem.m in Sources */ = {isa = PBXBuildFile; fileRef = 2ADF7C8120E465CF00F242A9 /* JaguarSystem.m */; };
		2ADF7C8520E4671800F242A9 /* JaguarMemory.m in Sources */ = {isa = PBXBuildFile; fileRef = 2ADF7C8420E4671800F242A9 /* JaguarMemory.m */; };
		2AE651E220E81E1200380482 /* JaguarScreenView.swift in Sources */ = {isa = PBXBuildFile; fileRef = 2AE651E120E81E1200380482 /* JaguarScreenView.swift */; };
		2AE651E620E81E4000380482 /* Debugger68KWindowController.xib in Resources */ = {isa = PBXBuildFile; fileRef = 2AE651E420E81E4000380482 /* Debugger68KWindowController.xib */; };
		2AE651E720E81E4000380482 /* Debugger68KWindowController.swift in Sources */ = {isa = PBXBuildFile; fileRef = 2AE651E520E81E4000380482 /* Debugger68KWindowController.swift */; };
		2AE651E920E8209B00380482 /* Shaders.metal in Sources */ = {isa = PBXBuildFile; fileRef = 2AE651E820E8209B00380482 /* Shaders.metal */; };
		2AE651EB20E8213E00380482 /* JaguarWindow.swift in Sources */ = {isa = PBXBuildFile; fileRef = 2AE651EA20E8213E00380482 /* JaguarWindow.swift */; };
		2AE651EE20E85CD600380482 /* JaguarScreen.m in Sources */ = {isa = PBXBuildFile; fileRef = 2AE651ED20E85CD600380482 /* JaguarScreen.m */; };
		2AEF8DC520EC2482005FC83C /* JaguarOPObject.m in Sources */ = {isa = PBXBuildFile; fileRef = 2AEF8DC420EC2482005FC83C /* JaguarOPObject.m */; };
		2AEF8DC820F06AA7005FC83C /* JaguarTom+RegisterLookup.m in Sources */ = {isa = PBXBuildFile; fileRef = 2AEF8DC720F06AA7005FC83C /* JaguarTom+RegisterLookup.m */; };
/* End PBXBuildFile section */

/* Begin PBXFileReference section */
		2A0FE2C420EB199700CBDC40 /* cry2rgb.h */ = {isa = PBXFileReference; lastKnownFileType = sourcecode.c.h; path = cry2rgb.h; sourceTree = "<group>"; };
		2A203E5320E36EE200F77151 /* Jagemu.app */ = {isa = PBXFileReference; explicitFileType = wrapper.application; includeInIndex = 0; path = Jagemu.app; sourceTree = BUILT_PRODUCTS_DIR; };
		2A203E5620E36EE200F77151 /* AppDelegate.swift */ = {isa = PBXFileReference; lastKnownFileType = sourcecode.swift; path = AppDelegate.swift; sourceTree = "<group>"; };
		2A203E5820E36EE400F77151 /* Assets.xcassets */ = {isa = PBXFileReference; lastKnownFileType = folder.assetcatalog; path = Assets.xcassets; sourceTree = "<group>"; };
		2A203E5B20E36EE400F77151 /* Base */ = {isa = PBXFileReference; lastKnownFileType = file.xib; name = Base; path = Base.lproj/MainMenu.xib; sourceTree = "<group>"; };
		2A203E5D20E36EE400F77151 /* Info.plist */ = {isa = PBXFileReference; lastKnownFileType = text.plist.xml; path = Info.plist; sourceTree = "<group>"; };
		2A203E5E20E36EE400F77151 /* Jagemu.entitlements */ = {isa = PBXFileReference; lastKnownFileType = text.plist.entitlements; path = Jagemu.entitlements; sourceTree = "<group>"; };
		2A203E7120E373B500F77151 /* m68kopac.c */ = {isa = PBXFileReference; fileEncoding = 4; lastKnownFileType = sourcecode.c.c; path = m68kopac.c; sourceTree = "<group>"; };
		2A203E7220E373B500F77151 /* m68kconf.h */ = {isa = PBXFileReference; fileEncoding = 4; lastKnownFileType = sourcecode.c.h; path = m68kconf.h; sourceTree = "<group>"; };
		2A203E7320E373B600F77151 /* m68kcpu.h */ = {isa = PBXFileReference; fileEncoding = 4; lastKnownFileType = sourcecode.c.h; path = m68kcpu.h; sourceTree = "<group>"; };
		2A203E7520E373B600F77151 /* m68kcpu.c */ = {isa = PBXFileReference; fileEncoding = 4; lastKnownFileType = sourcecode.c.c; path = m68kcpu.c; sourceTree = "<group>"; };
		2A203E7620E373B600F77151 /* m68kopnz.c */ = {isa = PBXFileReference; fileEncoding = 4; lastKnownFileType = sourcecode.c.c; path = m68kopnz.c; sourceTree = "<group>"; };
		2A203E7720E373B600F77151 /* m68kopdm.c */ = {isa = PBXFileReference; fileEncoding = 4; lastKnownFileType = sourcecode.c.c; path = m68kopdm.c; sourceTree = "<group>"; };
		2A203E7820E373B600F77151 /* m68kops.h */ = {isa = PBXFileReference; fileEncoding = 4; lastKnownFileType = sourcecode.c.h; path = m68kops.h; sourceTree = "<group>"; };
		2A203E7920E373B600F77151 /* m68kops.c */ = {isa = PBXFileReference; fileEncoding = 4; lastKnownFileType = sourcecode.c.c; path = m68kops.c; sourceTree = "<group>"; };
		2A203E7A20E373B600F77151 /* m68k.h */ = {isa = PBXFileReference; fileEncoding = 4; lastKnownFileType = sourcecode.c.h; path = m68k.h; sourceTree = "<group>"; };
		2A203E7C20E373B600F77151 /* m68kdasm.c */ = {isa = PBXFileReference; fileEncoding = 4; lastKnownFileType = sourcecode.c.c; path = m68kdasm.c; sourceTree = "<group>"; };
		2A3D44E320E96AC300291CCD /* JaguarSyncTimers.h */ = {isa = PBXFileReference; lastKnownFileType = sourcecode.c.h; path = JaguarSyncTimers.h; sourceTree = "<group>"; };
		2A3D44E420E96AC300291CCD /* JaguarSyncTimers.m */ = {isa = PBXFileReference; lastKnownFileType = sourcecode.c.objc; path = JaguarSyncTimers.m; sourceTree = "<group>"; };
		2A3D44E720E96B3000291CCD /* SyncTimer.h */ = {isa = PBXFileReference; lastKnownFileType = sourcecode.c.h; path = SyncTimer.h; sourceTree = "<group>"; };
		2A3D44E820E96B3000291CCD /* SyncTimer.m */ = {isa = PBXFileReference; lastKnownFileType = sourcecode.c.objc; path = SyncTimer.m; sourceTree = "<group>"; };
		2A57FF6620E46E8900E8A68E /* Jagemu-Bridging-Header.h */ = {isa = PBXFileReference; lastKnownFileType = sourcecode.c.h; path = "Jagemu-Bridging-Header.h"; sourceTree = "<group>"; };
		2ADEA55B20E600E7005F453C /* DebuggerMaster.swift */ = {isa = PBXFileReference; lastKnownFileType = sourcecode.swift; name = DebuggerMaster.swift; path = Jagemu/Jaguar/DebuggerMaster.swift; sourceTree = SOURCE_ROOT; };
		2ADEA55D20E74AB0005F453C /* JaguarObjectProcessor.h */ = {isa = PBXFileReference; lastKnownFileType = sourcecode.c.h; path = JaguarObjectProcessor.h; sourceTree = "<group>"; };
		2ADEA55E20E74AB0005F453C /* JaguarObjectProcessor.m */ = {isa = PBXFileReference; lastKnownFileType = sourcecode.c.objc; path = JaguarObjectProcessor.m; sourceTree = "<group>"; };
		2ADEA56020E74CDF005F453C /* JaguarTomRegisters.h */ = {isa = PBXFileReference; lastKnownFileType = sourcecode.c.h; path = JaguarTomRegisters.h; sourceTree = "<group>"; };
		2ADEA56220E7541B005F453C /* JaguarDefines.h */ = {isa = PBXFileReference; lastKnownFileType = sourcecode.c.h; path = JaguarDefines.h; sourceTree = "<group>"; };
		2ADF7C7D20E462EB00F242A9 /* JaguarTom.h */ = {isa = PBXFileReference; lastKnownFileType = sourcecode.c.h; path = JaguarTom.h; sourceTree = "<group>"; };
		2ADF7C7E20E462EB00F242A9 /* JaguarTom.m */ = {isa = PBXFileReference; lastKnownFileType = sourcecode.c.objc; path = JaguarTom.m; sourceTree = "<group>"; };
		2ADF7C8020E465CF00F242A9 /* JaguarSystem.h */ = {isa = PBXFileReference; lastKnownFileType = sourcecode.c.h; path = JaguarSystem.h; sourceTree = "<group>"; };
		2ADF7C8120E465CF00F242A9 /* JaguarSystem.m */ = {isa = PBXFileReference; lastKnownFileType = sourcecode.c.objc; path = JaguarSystem.m; sourceTree = "<group>"; };
		2ADF7C8320E4671800F242A9 /* JaguarMemory.h */ = {isa = PBXFileReference; lastKnownFileType = sourcecode.c.h; path = JaguarMemory.h; sourceTree = "<group>"; };
		2ADF7C8420E4671800F242A9 /* JaguarMemory.m */ = {isa = PBXFileReference; lastKnownFileType = sourcecode.c.objc; path = JaguarMemory.m; sourceTree = "<group>"; };
		2AE651E120E81E1200380482 /* JaguarScreenView.swift */ = {isa = PBXFileReference; lastKnownFileType = sourcecode.swift; path = JaguarScreenView.swift; sourceTree = "<group>"; };
		2AE651E420E81E4000380482 /* Debugger68KWindowController.xib */ = {isa = PBXFileReference; fileEncoding = 4; lastKnownFileType = file.xib; name = Debugger68KWindowController.xib; path = Frontend/Debugger68KWindowController.xib; sourceTree = "<group>"; };
		2AE651E520E81E4000380482 /* Debugger68KWindowController.swift */ = {isa = PBXFileReference; fileEncoding = 4; lastKnownFileType = sourcecode.swift; name = Debugger68KWindowController.swift; path = Frontend/Debugger68KWindowController.swift; sourceTree = "<group>"; };
		2AE651E820E8209B00380482 /* Shaders.metal */ = {isa = PBXFileReference; lastKnownFileType = sourcecode.metal; path = Shaders.metal; sourceTree = "<group>"; };
		2AE651EA20E8213E00380482 /* JaguarWindow.swift */ = {isa = PBXFileReference; lastKnownFileType = sourcecode.swift; path = JaguarWindow.swift; sourceTree = "<group>"; };
		2AE651EC20E85CD600380482 /* JaguarScreen.h */ = {isa = PBXFileReference; lastKnownFileType = sourcecode.c.h; path = JaguarScreen.h; sourceTree = "<group>"; };
		2AE651ED20E85CD600380482 /* JaguarScreen.m */ = {isa = PBXFileReference; lastKnownFileType = sourcecode.c.objc; path = JaguarScreen.m; sourceTree = "<group>"; };
		2AEF8DC320EC2482005FC83C /* JaguarOPObject.h */ = {isa = PBXFileReference; lastKnownFileType = sourcecode.c.h; path = JaguarOPObject.h; sourceTree = "<group>"; };
		2AEF8DC420EC2482005FC83C /* JaguarOPObject.m */ = {isa = PBXFileReference; lastKnownFileType = sourcecode.c.objc; path = JaguarOPObject.m; sourceTree = "<group>"; };
		2AEF8DC620F06AA7005FC83C /* JaguarTom+RegisterLookup.h */ = {isa = PBXFileReference; lastKnownFileType = sourcecode.c.h; path = "JaguarTom+RegisterLookup.h"; sourceTree = "<group>"; };
		2AEF8DC720F06AA7005FC83C /* JaguarTom+RegisterLookup.m */ = {isa = PBXFileReference; lastKnownFileType = sourcecode.c.objc; path = "JaguarTom+RegisterLookup.m"; sourceTree = "<group>"; };
/* End PBXFileReference section */

/* Begin PBXFrameworksBuildPhase section */
		2A203E5020E36EE200F77151 /* Frameworks */ = {
			isa = PBXFrameworksBuildPhase;
			buildActionMask = 2147483647;
			files = (
			);
			runOnlyForDeploymentPostprocessing = 0;
		};
/* End PBXFrameworksBuildPhase section */

/* Begin PBXGroup section */
		2A203E4A20E36EE200F77151 = {
			isa = PBXGroup;
			children = (
				2A203E5520E36EE200F77151 /* Jagemu */,
				2A203E5420E36EE200F77151 /* Products */,
			);
			sourceTree = "<group>";
		};
		2A203E5420E36EE200F77151 /* Products */ = {
			isa = PBXGroup;
			children = (
				2A203E5320E36EE200F77151 /* Jagemu.app */,
			);
			name = Products;
			sourceTree = "<group>";
		};
		2A203E5520E36EE200F77151 /* Jagemu */ = {
			isa = PBXGroup;
			children = (
				2AE651E320E81E3100380482 /* Frontend */,
				2A57FF6620E46E8900E8A68E /* Jagemu-Bridging-Header.h */,
				2ADF7C7C20E462D600F242A9 /* Jaguar */,
				2A203E8620E375B500F77151 /* CInterface */,
				2A203E6420E36EFA00F77151 /* Musashi */,
				2A203E5620E36EE200F77151 /* AppDelegate.swift */,
				2A203E5A20E36EE400F77151 /* MainMenu.xib */,
				2AE651E820E8209B00380482 /* Shaders.metal */,
				2A203E5820E36EE400F77151 /* Assets.xcassets */,
				2A203E5D20E36EE400F77151 /* Info.plist */,
				2A203E5E20E36EE400F77151 /* Jagemu.entitlements */,
			);
			path = Jagemu;
			sourceTree = "<group>";
		};
		2A203E6420E36EFA00F77151 /* Musashi */ = {
			isa = PBXGroup;
			children = (
				2A203E7A20E373B600F77151 /* m68k.h */,
				2A203E7220E373B500F77151 /* m68kconf.h */,
				2A203E7520E373B600F77151 /* m68kcpu.c */,
				2A203E7320E373B600F77151 /* m68kcpu.h */,
				2A203E7C20E373B600F77151 /* m68kdasm.c */,
				2A203E7120E373B500F77151 /* m68kopac.c */,
				2A203E7720E373B600F77151 /* m68kopdm.c */,
				2A203E7620E373B600F77151 /* m68kopnz.c */,
				2A203E7920E373B600F77151 /* m68kops.c */,
				2A203E7820E373B600F77151 /* m68kops.h */,
			);
			path = Musashi;
			sourceTree = "<group>";
		};
		2A203E8620E375B500F77151 /* CInterface */ = {
			isa = PBXGroup;
			children = (
			);
			path = CInterface;
			sourceTree = "<group>";
		};
		2A3D44E620E96B1A00291CCD /* Synchronization */ = {
			isa = PBXGroup;
			children = (
				2A3D44E320E96AC300291CCD /* JaguarSyncTimers.h */,
				2A3D44E420E96AC300291CCD /* JaguarSyncTimers.m */,
				2A3D44E720E96B3000291CCD /* SyncTimer.h */,
				2A3D44E820E96B3000291CCD /* SyncTimer.m */,
			);
			path = Synchronization;
			sourceTree = "<group>";
		};
		2A57FF6720E4949B00E8A68E /* Tom */ = {
			isa = PBXGroup;
			children = (
				2AEF8DC120EC1D61005FC83C /* OPObjects */,
				2ADEA55D20E74AB0005F453C /* JaguarObjectProcessor.h */,
				2ADEA55E20E74AB0005F453C /* JaguarObjectProcessor.m */,
				2ADF7C7D20E462EB00F242A9 /* JaguarTom.h */,
				2ADF7C7E20E462EB00F242A9 /* JaguarTom.m */,
				2AEF8DC620F06AA7005FC83C /* JaguarTom+RegisterLookup.h */,
				2AEF8DC720F06AA7005FC83C /* JaguarTom+RegisterLookup.m */,
				2ADEA56020E74CDF005F453C /* JaguarTomRegisters.h */,
				2A0FE2C420EB199700CBDC40 /* cry2rgb.h */,
			);
			path = Tom;
			sourceTree = "<group>";
		};
		2ADF7C7C20E462D600F242A9 /* Jaguar */ = {
			isa = PBXGroup;
			children = (
				2A3D44E620E96B1A00291CCD /* Synchronization */,
				2ADEA55B20E600E7005F453C /* DebuggerMaster.swift */,
				2A57FF6720E4949B00E8A68E /* Tom */,
				2ADEA56220E7541B005F453C /* JaguarDefines.h */,
				2ADF7C8320E4671800F242A9 /* JaguarMemory.h */,
				2ADF7C8420E4671800F242A9 /* JaguarMemory.m */,
				2ADF7C8020E465CF00F242A9 /* JaguarSystem.h */,
				2ADF7C8120E465CF00F242A9 /* JaguarSystem.m */,
			);
			path = Jaguar;
			sourceTree = "<group>";
		};
		2AE651E320E81E3100380482 /* Frontend */ = {
			isa = PBXGroup;
			children = (
				2AE651E520E81E4000380482 /* Debugger68KWindowController.swift */,
				2AE651E420E81E4000380482 /* Debugger68KWindowController.xib */,
				2AE651E120E81E1200380482 /* JaguarScreenView.swift */,
				2AE651EA20E8213E00380482 /* JaguarWindow.swift */,
				2AE651EC20E85CD600380482 /* JaguarScreen.h */,
				2AE651ED20E85CD600380482 /* JaguarScreen.m */,
			);
			name = Frontend;
			sourceTree = "<group>";
		};
		2AEF8DC120EC1D61005FC83C /* OPObjects */ = {
			isa = PBXGroup;
			children = (
				2AEF8DC320EC2482005FC83C /* JaguarOPObject.h */,
				2AEF8DC420EC2482005FC83C /* JaguarOPObject.m */,
			);
			path = OPObjects;
			sourceTree = "<group>";
		};
/* End PBXGroup section */

/* Begin PBXNativeTarget section */
		2A203E5220E36EE200F77151 /* Jagemu */ = {
			isa = PBXNativeTarget;
			buildConfigurationList = 2A203E6120E36EE400F77151 /* Build configuration list for PBXNativeTarget "Jagemu" */;
			buildPhases = (
				2A203E4F20E36EE200F77151 /* Sources */,
				2A203E5020E36EE200F77151 /* Frameworks */,
				2A203E5120E36EE200F77151 /* Resources */,
			);
			buildRules = (
			);
			dependencies = (
			);
			name = Jagemu;
			productName = Jagemu;
			productReference = 2A203E5320E36EE200F77151 /* Jagemu.app */;
			productType = "com.apple.product-type.application";
		};
/* End PBXNativeTarget section */

/* Begin PBXProject section */
		2A203E4B20E36EE200F77151 /* Project object */ = {
			isa = PBXProject;
			attributes = {
				LastSwiftUpdateCheck = 0940;
				LastUpgradeCheck = 0940;
				ORGANIZATIONNAME = "Luigi Thirty";
				TargetAttributes = {
					2A203E5220E36EE200F77151 = {
						CreatedOnToolsVersion = 9.4.1;
						LastSwiftMigration = 0940;
					};
				};
			};
			buildConfigurationList = 2A203E4E20E36EE200F77151 /* Build configuration list for PBXProject "Jagemu" */;
			compatibilityVersion = "Xcode 9.3";
			developmentRegion = en;
			hasScannedForEncodings = 0;
			knownRegions = (
				en,
				Base,
			);
			mainGroup = 2A203E4A20E36EE200F77151;
			productRefGroup = 2A203E5420E36EE200F77151 /* Products */;
			projectDirPath = "";
			projectRoot = "";
			targets = (
				2A203E5220E36EE200F77151 /* Jagemu */,
			);
		};
/* End PBXProject section */

/* Begin PBXResourcesBuildPhase section */
		2A203E5120E36EE200F77151 /* Resources */ = {
			isa = PBXResourcesBuildPhase;
			buildActionMask = 2147483647;
			files = (
				2A203E5920E36EE400F77151 /* Assets.xcassets in Resources */,
				2AE651E620E81E4000380482 /* Debugger68KWindowController.xib in Resources */,
				2A203E5C20E36EE400F77151 /* MainMenu.xib in Resources */,
			);
			runOnlyForDeploymentPostprocessing = 0;
		};
/* End PBXResourcesBuildPhase section */

/* Begin PBXSourcesBuildPhase section */
		2A203E4F20E36EE200F77151 /* Sources */ = {
			isa = PBXSourcesBuildPhase;
			buildActionMask = 2147483647;
			files = (
				2ADEA55C20E600E7005F453C /* DebuggerMaster.swift in Sources */,
				2AE651E220E81E1200380482 /* JaguarScreenView.swift in Sources */,
				2A3D44E520E96AC300291CCD /* JaguarSyncTimers.m in Sources */,
				2ADF7C8520E4671800F242A9 /* JaguarMemory.m in Sources */,
				2AE651EB20E8213E00380482 /* JaguarWindow.swift in Sources */,
				2A203E7F20E373B600F77151 /* m68kcpu.c in Sources */,
				2ADEA55F20E74AB0005F453C /* JaguarObjectProcessor.m in Sources */,
				2ADF7C7F20E462EB00F242A9 /* JaguarTom.m in Sources */,
				2AE651EE20E85CD600380482 /* JaguarScreen.m in Sources */,
				2A203E8120E373B600F77151 /* m68kopdm.c in Sources */,
				2A203E7D20E373B600F77151 /* m68kopac.c in Sources */,
				2AE651E920E8209B00380482 /* Shaders.metal in Sources */,
				2A203E8020E373B600F77151 /* m68kopnz.c in Sources */,
				2A203E8420E373B600F77151 /* m68kdasm.c in Sources */,
				2AE651E720E81E4000380482 /* Debugger68KWindowController.swift in Sources */,
				2AEF8DC820F06AA7005FC83C /* JaguarTom+RegisterLookup.m in Sources */,
				2A203E8220E373B600F77151 /* m68kops.c in Sources */,
				2AEF8DC520EC2482005FC83C /* JaguarOPObject.m in Sources */,
				2A3D44E920E96B3000291CCD /* SyncTimer.m in Sources */,
				2ADF7C8220E465CF00F242A9 /* JaguarSystem.m in Sources */,
				2A203E5720E36EE200F77151 /* AppDelegate.swift in Sources */,
				2ADEA56120E74CDF005F453C /* JaguarTomRegisters.h in Sources */,
			);
			runOnlyForDeploymentPostprocessing = 0;
		};
/* End PBXSourcesBuildPhase section */

/* Begin PBXVariantGroup section */
		2A203E5A20E36EE400F77151 /* MainMenu.xib */ = {
			isa = PBXVariantGroup;
			children = (
				2A203E5B20E36EE400F77151 /* Base */,
			);
			name = MainMenu.xib;
			sourceTree = "<group>";
		};
/* End PBXVariantGroup section */

/* Begin XCBuildConfiguration section */
		2A203E5F20E36EE400F77151 /* Debug */ = {
			isa = XCBuildConfiguration;
			buildSettings = {
				ALWAYS_SEARCH_USER_PATHS = NO;
				CLANG_ANALYZER_NONNULL = YES;
				CLANG_ANALYZER_NUMBER_OBJECT_CONVERSION = YES_AGGRESSIVE;
				CLANG_CXX_LANGUAGE_STANDARD = "gnu++14";
				CLANG_CXX_LIBRARY = "libc++";
				CLANG_ENABLE_MODULES = YES;
				CLANG_ENABLE_OBJC_ARC = YES;
				CLANG_ENABLE_OBJC_WEAK = YES;
				CLANG_WARN_BLOCK_CAPTURE_AUTORELEASING = YES;
				CLANG_WARN_BOOL_CONVERSION = YES;
				CLANG_WARN_COMMA = YES;
				CLANG_WARN_CONSTANT_CONVERSION = YES;
				CLANG_WARN_DEPRECATED_OBJC_IMPLEMENTATIONS = YES;
				CLANG_WARN_DIRECT_OBJC_ISA_USAGE = YES_ERROR;
				CLANG_WARN_DOCUMENTATION_COMMENTS = YES;
				CLANG_WARN_EMPTY_BODY = YES;
				CLANG_WARN_ENUM_CONVERSION = YES;
				CLANG_WARN_INFINITE_RECURSION = YES;
				CLANG_WARN_INT_CONVERSION = YES;
				CLANG_WARN_NON_LITERAL_NULL_CONVERSION = YES;
				CLANG_WARN_OBJC_IMPLICIT_RETAIN_SELF = YES;
				CLANG_WARN_OBJC_LITERAL_CONVERSION = YES;
				CLANG_WARN_OBJC_ROOT_CLASS = YES_ERROR;
				CLANG_WARN_RANGE_LOOP_ANALYSIS = YES;
				CLANG_WARN_STRICT_PROTOTYPES = YES;
				CLANG_WARN_SUSPICIOUS_MOVE = YES;
				CLANG_WARN_UNGUARDED_AVAILABILITY = YES_AGGRESSIVE;
				CLANG_WARN_UNREACHABLE_CODE = YES;
				CLANG_WARN__DUPLICATE_METHOD_MATCH = YES;
				CODE_SIGN_IDENTITY = "-";
				COPY_PHASE_STRIP = NO;
				DEBUG_INFORMATION_FORMAT = dwarf;
				ENABLE_STRICT_OBJC_MSGSEND = YES;
				ENABLE_TESTABILITY = YES;
				GCC_C_LANGUAGE_STANDARD = gnu11;
				GCC_DYNAMIC_NO_PIC = NO;
				GCC_NO_COMMON_BLOCKS = YES;
				GCC_OPTIMIZATION_LEVEL = 0;
				GCC_PREPROCESSOR_DEFINITIONS = (
					"DEBUG=1",
					"$(inherited)",
				);
				GCC_WARN_64_TO_32_BIT_CONVERSION = YES;
				GCC_WARN_ABOUT_RETURN_TYPE = YES_ERROR;
				GCC_WARN_UNDECLARED_SELECTOR = YES;
				GCC_WARN_UNINITIALIZED_AUTOS = YES_AGGRESSIVE;
				GCC_WARN_UNUSED_FUNCTION = YES;
				GCC_WARN_UNUSED_VARIABLE = YES;
				MACOSX_DEPLOYMENT_TARGET = 10.13;
				MTL_ENABLE_DEBUG_INFO = YES;
				ONLY_ACTIVE_ARCH = YES;
				SDKROOT = macosx;
				SWIFT_ACTIVE_COMPILATION_CONDITIONS = DEBUG;
				SWIFT_OPTIMIZATION_LEVEL = "-Onone";
			};
			name = Debug;
		};
		2A203E6020E36EE400F77151 /* Release */ = {
			isa = XCBuildConfiguration;
			buildSettings = {
				ALWAYS_SEARCH_USER_PATHS = NO;
				CLANG_ANALYZER_NONNULL = YES;
				CLANG_ANALYZER_NUMBER_OBJECT_CONVERSION = YES_AGGRESSIVE;
				CLANG_CXX_LANGUAGE_STANDARD = "gnu++14";
				CLANG_CXX_LIBRARY = "libc++";
				CLANG_ENABLE_MODULES = YES;
				CLANG_ENABLE_OBJC_ARC = YES;
				CLANG_ENABLE_OBJC_WEAK = YES;
				CLANG_WARN_BLOCK_CAPTURE_AUTORELEASING = YES;
				CLANG_WARN_BOOL_CONVERSION = YES;
				CLANG_WARN_COMMA = YES;
				CLANG_WARN_CONSTANT_CONVERSION = YES;
				CLANG_WARN_DEPRECATED_OBJC_IMPLEMENTATIONS = YES;
				CLANG_WARN_DIRECT_OBJC_ISA_USAGE = YES_ERROR;
				CLANG_WARN_DOCUMENTATION_COMMENTS = YES;
				CLANG_WARN_EMPTY_BODY = YES;
				CLANG_WARN_ENUM_CONVERSION = YES;
				CLANG_WARN_INFINITE_RECURSION = YES;
				CLANG_WARN_INT_CONVERSION = YES;
				CLANG_WARN_NON_LITERAL_NULL_CONVERSION = YES;
				CLANG_WARN_OBJC_IMPLICIT_RETAIN_SELF = YES;
				CLANG_WARN_OBJC_LITERAL_CONVERSION = YES;
				CLANG_WARN_OBJC_ROOT_CLASS = YES_ERROR;
				CLANG_WARN_RANGE_LOOP_ANALYSIS = YES;
				CLANG_WARN_STRICT_PROTOTYPES = YES;
				CLANG_WARN_SUSPICIOUS_MOVE = YES;
				CLANG_WARN_UNGUARDED_AVAILABILITY = YES_AGGRESSIVE;
				CLANG_WARN_UNREACHABLE_CODE = YES;
				CLANG_WARN__DUPLICATE_METHOD_MATCH = YES;
				CODE_SIGN_IDENTITY = "-";
				COPY_PHASE_STRIP = NO;
				DEBUG_INFORMATION_FORMAT = "dwarf-with-dsym";
				ENABLE_NS_ASSERTIONS = NO;
				ENABLE_STRICT_OBJC_MSGSEND = YES;
				GCC_C_LANGUAGE_STANDARD = gnu11;
				GCC_NO_COMMON_BLOCKS = YES;
				GCC_WARN_64_TO_32_BIT_CONVERSION = YES;
				GCC_WARN_ABOUT_RETURN_TYPE = YES_ERROR;
				GCC_WARN_UNDECLARED_SELECTOR = YES;
				GCC_WARN_UNINITIALIZED_AUTOS = YES_AGGRESSIVE;
				GCC_WARN_UNUSED_FUNCTION = YES;
				GCC_WARN_UNUSED_VARIABLE = YES;
				MACOSX_DEPLOYMENT_TARGET = 10.13;
				MTL_ENABLE_DEBUG_INFO = NO;
				SDKROOT = macosx;
				SWIFT_COMPILATION_MODE = wholemodule;
				SWIFT_OPTIMIZATION_LEVEL = "-O";
			};
			name = Release;
		};
		2A203E6220E36EE400F77151 /* Debug */ = {
			isa = XCBuildConfiguration;
			buildSettings = {
				ASSETCATALOG_COMPILER_APPICON_NAME = AppIcon;
				CLANG_ALLOW_NON_MODULAR_INCLUDES_IN_FRAMEWORK_MODULES = NO;
				CLANG_ENABLE_MODULES = YES;
				CODE_SIGN_ENTITLEMENTS = Jagemu/Jagemu.entitlements;
				CODE_SIGN_STYLE = Automatic;
				COMBINE_HIDPI_IMAGES = YES;
				INFOPLIST_FILE = Jagemu/Info.plist;
				LD_RUNPATH_SEARCH_PATHS = (
					"$(inherited)",
					"@executable_path/../Frameworks",
				);
				PRODUCT_BUNDLE_IDENTIFIER = com.luigithirty.Jagemu;
				PRODUCT_NAME = "$(TARGET_NAME)";
				SWIFT_OBJC_BRIDGING_HEADER = "Jagemu/Jagemu-Bridging-Header.h";
				SWIFT_OPTIMIZATION_LEVEL = "-Onone";
				SWIFT_VERSION = 4.0;
			};
			name = Debug;
		};
		2A203E6320E36EE400F77151 /* Release */ = {
			isa = XCBuildConfiguration;
			buildSettings = {
				ASSETCATALOG_COMPILER_APPICON_NAME = AppIcon;
				CLANG_ALLOW_NON_MODULAR_INCLUDES_IN_FRAMEWORK_MODULES = NO;
				CLANG_ENABLE_MODULES = YES;
				CODE_SIGN_ENTITLEMENTS = Jagemu/Jagemu.entitlements;
				CODE_SIGN_STYLE = Automatic;
				COMBINE_HIDPI_IMAGES = YES;
				INFOPLIST_FILE = Jagemu/Info.plist;
				LD_RUNPATH_SEARCH_PATHS = (
					"$(inherited)",
					"@executable_path/../Frameworks",
				);
				PRODUCT_BUNDLE_IDENTIFIER = com.luigithirty.Jagemu;
				PRODUCT_NAME = "$(TARGET_NAME)";
				SWIFT_OBJC_BRIDGING_HEADER = "Jagemu/Jagemu-Bridging-Header.h";
				SWIFT_VERSION = 4.0;
			};
			name = Release;
		};
/* End XCBuildConfiguration section */

/* Begin XCConfigurationList section */
		2A203E4E20E36EE200F77151 /* Build configuration list for PBXProject "Jagemu" */ = {
			isa = XCConfigurationList;
			buildConfigurations = (
				2A203E5F20E36EE400F77151 /* Debug */,
				2A203E6020E36EE400F77151 /* Release */,
			);
			defaultConfigurationIsVisible = 0;
			defaultConfigurationName = Release;
		};
		2A203E6120E36EE400F77151 /* Build configuration list for PBXNativeTarget "Jagemu" */ = {
			isa = XCConfigurationList;
			buildConfigurations = (
				2A203E6220E36EE400F77151 /* Debug */,
				2A203E6320E36EE400F77151 /* Release */,
			);
			defaultConfigurationIsVisible = 0;
			defaultConfigurationName = Release;
		};
/* End XCConfigurationList section */
	};
	rootObject = 2A203E4B20E36EE200F77151 /* Project object */;
}
